{
  "name": "acceptessa2-circle-register",
  "version": "1.0.0",
  "lockfileVersion": 1,
  "requires": true,
  "dependencies": {
    "rand-token": {
      "version": "1.0.1",
      "resolved": "https://registry.npmjs.org/rand-token/-/rand-token-1.0.1.tgz",
      "integrity": "sha512-Zri5SfJmEzBJ3IexFdigvPSCamslJ7UjLkUn0tlgH7COJvaUr5V7FyUYgKifEMTw7gFO8ZLcWjcU+kq8akipzg=="
    }
  }
}
